#MicroXplorer Configuration settings - do not modify
ADC1.CommonPathInternal=ADC_CHANNEL_VREFINT|null|null|null
ADC1.DMAContinuousRequests=DISABLE
ADC1.EnableInjectedConversion=ENABLE
ADC1.EnableInjectedOversampling=DISABLE
ADC1.EnableRegularConversion=DISABLE
ADC1.ExternalTrigInjecConv=ADC_EXTERNALTRIGINJEC_HRTIM_TRG2
ADC1.IPParameters=EnableRegularConversion,EnableInjectedConversion,DMAContinuousRequests,InjNumberOfConversion,EnableInjectedOversampling,Overrun,InjectedRank-18\#ChannelInjectedConversion,InjectedChannel-18\#ChannelInjectedConversion,InjectedSamplingTime-18\#ChannelInjectedConversion,InjectedOffsetNumber-18\#ChannelInjectedConversion,injectedQueueMode,ExternalTrigInjecConv,InjectedConvMode,master,CommonPathInternal
ADC1.InjNumberOfConversion=1
ADC1.InjectedChannel-18\#ChannelInjectedConversion=ADC_CHANNEL_15
ADC1.InjectedConvMode=None
ADC1.InjectedOffsetNumber-18\#ChannelInjectedConversion=ADC_OFFSET_NONE
ADC1.InjectedRank-18\#ChannelInjectedConversion=1
ADC1.InjectedSamplingTime-18\#ChannelInjectedConversion=ADC_SAMPLETIME_24CYCLES_5
ADC1.Overrun=ADC_OVR_DATA_OVERWRITTEN
ADC1.injectedQueueMode=DISABLE
ADC1.master=1
ADC2.ClockPrescaler=ADC_CLOCK_SYNC_PCLK_DIV4
ADC2.CommonPathInternal=null|null|null|null
ADC2.ContinuousConvMode=DISABLE
ADC2.DMAContinuousRequests=DISABLE
ADC2.EnableInjectedConversion=ENABLE
ADC2.EnableInjectedOversampling=DISABLE
ADC2.EnableRegularConversion=DISABLE
ADC2.ExternalTrigInjecConv=ADC_EXTERNALTRIGINJEC_HRTIM_TRG2
ADC2.IPParameters=ContinuousConvMode,DMAContinuousRequests,Overrun,ClockPrescaler,OversamplingMode,EnableRegularConversion,EnableInjectedConversion,InjNumberOfConversion,InjectedRank-6\#ChannelInjectedConversion,InjectedChannel-6\#ChannelInjectedConversion,InjectedSamplingTime-6\#ChannelInjectedConversion,InjectedOffsetNumber-6\#ChannelInjectedConversion,ExternalTrigInjecConv,EnableInjectedOversampling,CommonPathInternal
ADC2.InjNumberOfConversion=1
ADC2.InjectedChannel-6\#ChannelInjectedConversion=ADC_CHANNEL_12
ADC2.InjectedOffsetNumber-6\#ChannelInjectedConversion=ADC_OFFSET_NONE
ADC2.InjectedRank-6\#ChannelInjectedConversion=1
ADC2.InjectedSamplingTime-6\#ChannelInjectedConversion=ADC_SAMPLETIME_24CYCLES_5
ADC2.Overrun=ADC_OVR_DATA_OVERWRITTEN
ADC2.OversamplingMode=DISABLE
ADC3.CommonPathInternal=null|null|null|null
ADC3.DMAContinuousRequests=DISABLE
ADC3.EnableInjectedConversion=ENABLE
ADC3.EnableInjectedOversampling=DISABLE
ADC3.EnableRegularConversion=DISABLE
ADC3.ExternalTrigInjecConv=ADC_EXTERNALTRIGINJEC_HRTIM_TRG2
ADC3.IPParameters=master,EnableRegularConversion,EnableInjectedConversion,Rank1_Channel,InjectedRank-5\#ChannelInjectedConversion,InjectedChannel-5\#ChannelInjectedConversion,InjectedSamplingTime-5\#ChannelInjectedConversion,InjectedOffsetNumber-5\#ChannelInjectedConversion,InjNumberOfConversion,ExternalTrigInjecConv,DMAContinuousRequests,EnableInjectedOversampling,Overrun,CommonPathInternal
ADC3.InjNumberOfConversion=1
ADC3.InjectedChannel-5\#ChannelInjectedConversion=ADC_CHANNEL_1
ADC3.InjectedOffsetNumber-5\#ChannelInjectedConversion=ADC_OFFSET_NONE
ADC3.InjectedRank-5\#ChannelInjectedConversion=1
ADC3.InjectedSamplingTime-5\#ChannelInjectedConversion=ADC_SAMPLETIME_24CYCLES_5
ADC3.Overrun=ADC_OVR_DATA_OVERWRITTEN
ADC3.Rank1_Channel=ADC_CHANNEL_1
ADC3.master=1
ADC5.Channel-0\#ChannelRegularConversion=ADC_CHANNEL_VREFINT
ADC5.Channel-1\#ChannelRegularConversion=ADC_CHANNEL_TEMPSENSOR_ADC5
ADC5.ClockPrescaler=ADC_CLOCK_SYNC_PCLK_DIV4
ADC5.CommonPathInternal=ADC_CHANNEL_VREFINT|ADC_CHANNEL_TEMPSENSOR_ADC1|null|null
ADC5.ContinuousConvMode=ENABLE
ADC5.DMAContinuousRequests=ENABLE
ADC5.IPParameters=Rank-0\#ChannelRegularConversion,Channel-0\#ChannelRegularConversion,SamplingTime-0\#ChannelRegularConversion,OffsetNumber-0\#ChannelRegularConversion,NbrOfConversionFlag,ClockPrescaler,ContinuousConvMode,DMAContinuousRequests,Overrun,OversamplingMode,NbrOfConversion,Rank-1\#ChannelRegularConversion,Channel-1\#ChannelRegularConversion,SamplingTime-1\#ChannelRegularConversion,OffsetNumber-1\#ChannelRegularConversion,CommonPathInternal
ADC5.NbrOfConversion=2
ADC5.NbrOfConversionFlag=1
ADC5.OffsetNumber-0\#ChannelRegularConversion=ADC_OFFSET_NONE
ADC5.OffsetNumber-1\#ChannelRegularConversion=ADC_OFFSET_NONE
ADC5.Overrun=ADC_OVR_DATA_OVERWRITTEN
ADC5.OversamplingMode=DISABLE
ADC5.Rank-0\#ChannelRegularConversion=1
ADC5.Rank-1\#ChannelRegularConversion=2
ADC5.SamplingTime-0\#ChannelRegularConversion=ADC_SAMPLETIME_640CYCLES_5
ADC5.SamplingTime-1\#ChannelRegularConversion=ADC_SAMPLETIME_640CYCLES_5
CAD.formats=[{"id"\:41,"cad_product"\:"Altium Designer (Native)","cad_family"\:"Altium"}]
CAD.pinconfig=Dual
CAD.provider=
Dma.ADC5.4.Direction=DMA_PERIPH_TO_MEMORY
Dma.ADC5.4.EventEnable=DISABLE
Dma.ADC5.4.Instance=DMA1_Channel1
Dma.ADC5.4.MemDataAlignment=DMA_MDATAALIGN_HALFWORD
Dma.ADC5.4.MemInc=DMA_MINC_ENABLE
Dma.ADC5.4.Mode=DMA_CIRCULAR
Dma.ADC5.4.PeriphDataAlignment=DMA_PDATAALIGN_HALFWORD
Dma.ADC5.4.PeriphInc=DMA_PINC_DISABLE
Dma.ADC5.4.Polarity=HAL_DMAMUX_REQ_GEN_RISING
Dma.ADC5.4.Priority=DMA_PRIORITY_LOW
Dma.ADC5.4.RequestNumber=1
Dma.ADC5.4.RequestParameters=Instance,Direction,PeriphInc,MemInc,PeriphDataAlignment,MemDataAlignment,Mode,Priority,SignalID,Polarity,RequestNumber,SyncSignalID,SyncPolarity,SyncEnable,EventEnable,SyncRequestNumber
Dma.ADC5.4.SignalID=NONE
Dma.ADC5.4.SyncEnable=DISABLE
Dma.ADC5.4.SyncPolarity=HAL_DMAMUX_SYNC_NO_EVENT
Dma.ADC5.4.SyncRequestNumber=1
Dma.ADC5.4.SyncSignalID=NONE
Dma.Request0=SPI3_RX
Dma.Request1=SPI3_TX
Dma.Request2=SPI1_RX
Dma.Request3=SPI1_TX
Dma.Request4=ADC5
Dma.RequestsNb=5
Dma.SPI1_RX.2.Direction=DMA_PERIPH_TO_MEMORY
Dma.SPI1_RX.2.EventEnable=DISABLE
Dma.SPI1_RX.2.Instance=DMA2_Channel5
Dma.SPI1_RX.2.MemDataAlignment=DMA_MDATAALIGN_HALFWORD
Dma.SPI1_RX.2.MemInc=DMA_MINC_ENABLE
Dma.SPI1_RX.2.Mode=DMA_NORMAL
Dma.SPI1_RX.2.PeriphDataAlignment=DMA_PDATAALIGN_HALFWORD
Dma.SPI1_RX.2.PeriphInc=DMA_PINC_DISABLE
Dma.SPI1_RX.2.Polarity=HAL_DMAMUX_REQ_GEN_RISING
Dma.SPI1_RX.2.Priority=DMA_PRIORITY_LOW
Dma.SPI1_RX.2.RequestNumber=1
Dma.SPI1_RX.2.RequestParameters=Instance,Direction,PeriphInc,MemInc,PeriphDataAlignment,MemDataAlignment,Mode,Priority,SignalID,Polarity,RequestNumber,SyncSignalID,SyncPolarity,SyncEnable,EventEnable,SyncRequestNumber
Dma.SPI1_RX.2.SignalID=NONE
Dma.SPI1_RX.2.SyncEnable=DISABLE
Dma.SPI1_RX.2.SyncPolarity=HAL_DMAMUX_SYNC_NO_EVENT
Dma.SPI1_RX.2.SyncRequestNumber=1
Dma.SPI1_RX.2.SyncSignalID=NONE
Dma.SPI1_TX.3.Direction=DMA_MEMORY_TO_PERIPH
Dma.SPI1_TX.3.EventEnable=DISABLE
Dma.SPI1_TX.3.Instance=DMA2_Channel4
Dma.SPI1_TX.3.MemDataAlignment=DMA_MDATAALIGN_HALFWORD
Dma.SPI1_TX.3.MemInc=DMA_MINC_ENABLE
Dma.SPI1_TX.3.Mode=DMA_NORMAL
Dma.SPI1_TX.3.PeriphDataAlignment=DMA_PDATAALIGN_HALFWORD
Dma.SPI1_TX.3.PeriphInc=DMA_PINC_DISABLE
Dma.SPI1_TX.3.Polarity=HAL_DMAMUX_REQ_GEN_RISING
Dma.SPI1_TX.3.Priority=DMA_PRIORITY_LOW
Dma.SPI1_TX.3.RequestNumber=1
Dma.SPI1_TX.3.RequestParameters=Instance,Direction,PeriphInc,MemInc,PeriphDataAlignment,MemDataAlignment,Mode,Priority,SignalID,Polarity,RequestNumber,SyncSignalID,SyncPolarity,SyncEnable,EventEnable,SyncRequestNumber
Dma.SPI1_TX.3.SignalID=NONE
Dma.SPI1_TX.3.SyncEnable=DISABLE
Dma.SPI1_TX.3.SyncPolarity=HAL_DMAMUX_SYNC_NO_EVENT
Dma.SPI1_TX.3.SyncRequestNumber=1
Dma.SPI1_TX.3.SyncSignalID=NONE
Dma.SPI3_RX.0.Direction=DMA_PERIPH_TO_MEMORY
Dma.SPI3_RX.0.EventEnable=DISABLE
Dma.SPI3_RX.0.Instance=DMA2_Channel2
Dma.SPI3_RX.0.MemDataAlignment=DMA_MDATAALIGN_HALFWORD
Dma.SPI3_RX.0.MemInc=DMA_MINC_ENABLE
Dma.SPI3_RX.0.Mode=DMA_NORMAL
Dma.SPI3_RX.0.PeriphDataAlignment=DMA_PDATAALIGN_HALFWORD
Dma.SPI3_RX.0.PeriphInc=DMA_PINC_DISABLE
Dma.SPI3_RX.0.Polarity=HAL_DMAMUX_REQ_GEN_RISING
Dma.SPI3_RX.0.Priority=DMA_PRIORITY_LOW
Dma.SPI3_RX.0.RequestNumber=1
Dma.SPI3_RX.0.RequestParameters=Instance,Direction,PeriphInc,MemInc,PeriphDataAlignment,MemDataAlignment,Mode,Priority,SignalID,Polarity,RequestNumber,SyncSignalID,SyncPolarity,SyncEnable,EventEnable,SyncRequestNumber
Dma.SPI3_RX.0.SignalID=NONE
Dma.SPI3_RX.0.SyncEnable=DISABLE
Dma.SPI3_RX.0.SyncPolarity=HAL_DMAMUX_SYNC_NO_EVENT
Dma.SPI3_RX.0.SyncRequestNumber=1
Dma.SPI3_RX.0.SyncSignalID=NONE
Dma.SPI3_TX.1.Direction=DMA_MEMORY_TO_PERIPH
Dma.SPI3_TX.1.EventEnable=DISABLE
Dma.SPI3_TX.1.Instance=DMA2_Channel3
Dma.SPI3_TX.1.MemDataAlignment=DMA_MDATAALIGN_HALFWORD
Dma.SPI3_TX.1.MemInc=DMA_MINC_ENABLE
Dma.SPI3_TX.1.Mode=DMA_NORMAL
Dma.SPI3_TX.1.PeriphDataAlignment=DMA_PDATAALIGN_HALFWORD
Dma.SPI3_TX.1.PeriphInc=DMA_PINC_DISABLE
Dma.SPI3_TX.1.Polarity=HAL_DMAMUX_REQ_GEN_RISING
Dma.SPI3_TX.1.Priority=DMA_PRIORITY_LOW
Dma.SPI3_TX.1.RequestNumber=1
Dma.SPI3_TX.1.RequestParameters=Instance,Direction,PeriphInc,MemInc,PeriphDataAlignment,MemDataAlignment,Mode,Priority,SignalID,Polarity,RequestNumber,SyncSignalID,SyncPolarity,SyncEnable,EventEnable,SyncRequestNumber
Dma.SPI3_TX.1.SignalID=NONE
Dma.SPI3_TX.1.SyncEnable=DISABLE
Dma.SPI3_TX.1.SyncPolarity=HAL_DMAMUX_SYNC_NO_EVENT
Dma.SPI3_TX.1.SyncRequestNumber=1
Dma.SPI3_TX.1.SyncSignalID=NONE
FDCAN1.AutoRetransmission=DISABLE
FDCAN1.CalculateBaudRateNominal=1000000
FDCAN1.CalculateTimeBitNominal=1000
FDCAN1.CalculateTimeQuantumNominal=100.0
FDCAN1.ClockDivider=FDCAN_CLOCK_DIV1
FDCAN1.DataPrescaler=2
FDCAN1.DataSyncJumpWidth=5
FDCAN1.DataTimeSeg1=10
FDCAN1.DataTimeSeg2=11
FDCAN1.ExtFiltersNbr=1
FDCAN1.FrameFormat=FDCAN_FRAME_FD_BRS
FDCAN1.IPParameters=CalculateTimeQuantumNominal,CalculateTimeBitNominal,CalculateBaudRateNominal,FrameFormat,ClockDivider,NominalPrescaler,AutoRetransmission,StdFiltersNbr,ExtFiltersNbr,NominalTimeSeg1,NominalTimeSeg2,NominalSyncJumpWidth,DataSyncJumpWidth,DataTimeSeg1,DataTimeSeg2,DataPrescaler,TxFifoQueueMode
FDCAN1.NominalPrescaler=17
FDCAN1.NominalSyncJumpWidth=2
FDCAN1.NominalTimeSeg1=3
FDCAN1.NominalTimeSeg2=6
FDCAN1.StdFiltersNbr=1
FDCAN1.TxFifoQueueMode=FDCAN_TX_FIFO_OPERATION
File.Version=6
GPIO.groupedBy=Group By Peripherals
HRTIM1.ADCTrigger2_Source1=HRTIM_ADCTRIGGEREVENT24_MASTER_CMP1
HRTIM1.ADCTrigger_Id1=__NULL
HRTIM1.ADCTrigger_Id2=HRTIM_ADCTRIGGER_2
HRTIM1.BurstDMAconfig-MasterTimer=__NULL
HRTIM1.BurstDMAconfig-Output_TA1TA2=HRTIM_TIMERINDEX_TIMER_A
HRTIM1.BurstDMAconfig-Output_TC1TC2=HRTIM_TIMERINDEX_TIMER_C
HRTIM1.BurstDMAconfig-Output_TD1TD2=HRTIM_TIMERINDEX_TIMER_D
HRTIM1.CompareUnit1-MasterTimer=HRTIM_COMPAREUNIT_1
HRTIM1.CompareUnit1-Output_TA1TA2=HRTIM_COMPAREUNIT_1
HRTIM1.CompareUnit1-Output_TC1TC2=HRTIM_COMPAREUNIT_1
HRTIM1.CompareUnit1-Output_TD1TD2=HRTIM_COMPAREUNIT_1
HRTIM1.CompareUnit2-MasterTimer=__NULL
HRTIM1.CompareUnit2-Output_TA1TA2=HRTIM_COMPAREUNIT_2
HRTIM1.CompareValue1-Output_TA1TA2=FULL_DUTY*0.2
HRTIM1.CompareValue1-Output_TC1TC2=FULL_DUTY*0.2
HRTIM1.CompareValue1-Output_TD1TD2=FULL_DUTY*0.2
HRTIM1.CompareValue2-Output_TA1TA2=200
HRTIM1.DACSynchro-MasterTimer=HRTIM_DACSYNC_NONE
HRTIM1.DeadTimeInsertion-Output_TA1TA2=HRTIM_TIMDEADTIMEINSERTION_ENABLED
HRTIM1.DeadTimeInsertion-Output_TC1TC2=HRTIM_TIMDEADTIMEINSERTION_ENABLED
HRTIM1.DeadTimeInsertion-Output_TD1TD2=HRTIM_TIMDEADTIMEINSERTION_ENABLED
HRTIM1.DualChannelDacEnableFake_TA-Output_TA1TA2=HRTIM_TIMER_DCDE_DISABLED
HRTIM1.FallingValue-Output_TA1TA2=DEAD_TIME
HRTIM1.FallingValue-Output_TC1TC2=DEAD_TIME
HRTIM1.FallingValue-Output_TD1TD2=DEAD_TIME
HRTIM1.IPParameters=Periode_TA,UpDownMode-Output_TA1TA2,RepetitionCounter-Output_TA1TA2,PreloadEnable-Output_TA1TA2,RepetitionUpdate-Output_TA1TA2,DeadTimeInsertion-Output_TA1TA2,NumberUpdateTrigger-Output_TA1TA2,NumberInterruptRequests-Output_TA1TA2,NumberDMARequests_TA,CompareUnit1-Output_TA1TA2,CompareValue1-Output_TA1TA2,PrescalerDead-Output_TA1TA2,RisingValue-Output_TA1TA2,FallingValue-Output_TA1TA2,NumberSetSource1-Output_TA1TA2,NumberResetSource1-Output_TA1TA2,SetOutput1_Source1-Output_TA1TA2,NumberSetSource2_TA,BurstDMAconfig-Output_TA1TA2,NumberRegisters_BURSTDMA-Output_TA1TA2,Periode_TD,RepetitionCounter-Output_TD1TD2,PreloadEnable-Output_TD1TD2,RepetitionUpdate-Output_TD1TD2,DeadTimeInsertion-Output_TD1TD2,NumberDMARequests_TD,CompareUnit1-Output_TD1TD2,CompareValue1-Output_TD1TD2,PrescalerDead-Output_TD1TD2,RisingValue-Output_TD1TD2,FallingValue-Output_TD1TD2,NumberSetSource1-Output_TD1TD2,SetOutput1_Source1-Output_TD1TD2,NumberResetSource1-Output_TD1TD2,UpDownMode-Output_TD1TD2,BurstDMAconfig-Output_TD1TD2,NumberRegisters_BURSTDMA-Output_TD1TD2,CompareUnit1-MasterTimer,InterleavedMode-Output_TA1TA2,ReSyncUpdate-Output_TA1TA2,ResetUpdate-Output_TA1TA2,SyncOptions,Periode_MASTER,ModeTimeBase-Output_TA1TA2,NumberResetTrigger-Output_TA1TA2,RepetitionCounter-MasterTimer,ModeTimeBase-Output_TD1TD2,StartOnSync-Output_TD1TD2,StartOnSync-Output_TA1TA2,ResetOnSync-MasterTimer,StartOnSync-MasterTimer,ResetOnSync-Output_TA1TA2,ResetOnSync-Output_TD1TD2,BurstDMAconfig-MasterTimer,ResetTrigger1-Output_TA1TA2,NumberResetTrigger-Output_TD1TD2,ResetTrigger1-Output_TD1TD2,ReSyncUpdate-Output_TD1TD2,ResetUpdate-Output_TD1TD2,rom_TA,rom_TD,ResetOutput1_Source1-Output_TD1TD2,ADCTrigger_Id1,ADCTrigger_Id2,NumberADCTriggerSource2,ADCTrigger2_Source1,PreloadEnable-MasterTimer,DACSynchro-MasterTimer,RepetitionUpdate-MasterTimer,DualChannelDacEnableFake_TA-Output_TA1TA2,CompareUnit2-Output_TA1TA2,CompareValue2-Output_TA1TA2,CompareUnit2-MasterTimer,ORingUpdateSource_ADCTrigger2,InterleavedMode-MasterTimer,PrescalerRatio_MASTER,PrescalerRatio_TA,PrescalerRatio_TD,NumberInterruptRequests_Master-MasterTimer,InterruptRequests1_Master,PrescalerRatio_TC,Periode_TC,UpDownMode-Output_TC1TC2,rom_TC,PreloadEnable-Output_TC1TC2,DeadTimeInsertion-Output_TC1TC2,ResetUpdate-Output_TC1TC2,NumberResetTrigger-Output_TC1TC2,ResetTrigger1-Output_TC1TC2,CompareUnit1-Output_TC1TC2,CompareValue1-Output_TC1TC2,BurstDMAconfig-Output_TC1TC2,NumberRegisters_BURSTDMA-Output_TC1TC2,PrescalerDead-Output_TC1TC2,RisingValue-Output_TC1TC2,FallingValue-Output_TC1TC2,NumberSetSource1-Output_TC1TC2,SetOutput1_Source1-Output_TC1TC2,NumberResetSource1-Output_TC1TC2,NumberDMARequests_TC,ModeTimeBase-MasterTimer
HRTIM1.InterleavedMode-MasterTimer=HRTIM_INTERLEAVED_MODE_DUAL
HRTIM1.InterleavedMode-Output_TA1TA2=HRTIM_INTERLEAVED_MODE_DISABLED
HRTIM1.InterruptRequests1_Master=HRTIM_MASTER_IT_MREP
HRTIM1.ModeTimeBase-MasterTimer=HRTIM_MODE_CONTINUOUS
HRTIM1.ModeTimeBase-Output_TA1TA2=HRTIM_MODE_CONTINUOUS
HRTIM1.ModeTimeBase-Output_TD1TD2=HRTIM_MODE_CONTINUOUS
HRTIM1.NumberADCTriggerSource2=1
HRTIM1.NumberDMARequests_TA=0
HRTIM1.NumberDMARequests_TC=0
HRTIM1.NumberDMARequests_TD=0
HRTIM1.NumberInterruptRequests-Output_TA1TA2=0
HRTIM1.NumberInterruptRequests_Master-MasterTimer=1
HRTIM1.NumberRegisters_BURSTDMA-Output_TA1TA2=0
HRTIM1.NumberRegisters_BURSTDMA-Output_TC1TC2=0
HRTIM1.NumberRegisters_BURSTDMA-Output_TD1TD2=0
HRTIM1.NumberResetSource1-Output_TA1TA2=0
HRTIM1.NumberResetSource1-Output_TC1TC2=0
HRTIM1.NumberResetSource1-Output_TD1TD2=1
HRTIM1.NumberResetTrigger-Output_TA1TA2=1
HRTIM1.NumberResetTrigger-Output_TC1TC2=1
HRTIM1.NumberResetTrigger-Output_TD1TD2=1
HRTIM1.NumberSetSource1-Output_TA1TA2=1
HRTIM1.NumberSetSource1-Output_TC1TC2=1
HRTIM1.NumberSetSource1-Output_TD1TD2=1
HRTIM1.NumberSetSource2_TA=0
HRTIM1.NumberUpdateTrigger-Output_TA1TA2=0
HRTIM1.ORingUpdateSource_ADCTrigger2=HRTIM_ADCTRIGGERUPDATE_MASTER
HRTIM1.Periode_MASTER=FULL_DUTY
HRTIM1.Periode_TA=FULL_DUTY
HRTIM1.Periode_TC=FULL_DUTY
HRTIM1.Periode_TD=FULL_DUTY
HRTIM1.PreloadEnable-MasterTimer=HRTIM_PRELOAD_ENABLED
HRTIM1.PreloadEnable-Output_TA1TA2=HRTIM_PRELOAD_ENABLED
HRTIM1.PreloadEnable-Output_TC1TC2=HRTIM_PRELOAD_ENABLED
HRTIM1.PreloadEnable-Output_TD1TD2=HRTIM_PRELOAD_ENABLED
HRTIM1.PrescalerDead-Output_TA1TA2=HRTIM_TIMDEADTIME_PRESCALERRATIO_MUL2
HRTIM1.PrescalerDead-Output_TC1TC2=HRTIM_TIMDEADTIME_PRESCALERRATIO_MUL2
HRTIM1.PrescalerDead-Output_TD1TD2=HRTIM_TIMDEADTIME_PRESCALERRATIO_MUL2
HRTIM1.PrescalerRatio_MASTER=HRTIM_PRESCALERRATIO_MUL4
HRTIM1.PrescalerRatio_TA=HRTIM_PRESCALERRATIO_MUL8
HRTIM1.PrescalerRatio_TC=HRTIM_PRESCALERRATIO_MUL8
HRTIM1.PrescalerRatio_TD=HRTIM_PRESCALERRATIO_MUL8
HRTIM1.ReSyncUpdate-Output_TA1TA2=HRTIM_TIMERESYNC_UPDATE_UNCONDITIONAL
HRTIM1.ReSyncUpdate-Output_TD1TD2=HRTIM_TIMERESYNC_UPDATE_UNCONDITIONAL
HRTIM1.RepetitionCounter-MasterTimer=0
HRTIM1.RepetitionCounter-Output_TA1TA2=0
HRTIM1.RepetitionCounter-Output_TD1TD2=0
HRTIM1.RepetitionUpdate-MasterTimer=HRTIM_UPDATEONREPETITION_ENABLED
HRTIM1.RepetitionUpdate-Output_TA1TA2=HRTIM_UPDATEONREPETITION_DISABLED
HRTIM1.RepetitionUpdate-Output_TD1TD2=HRTIM_UPDATEONREPETITION_DISABLED
HRTIM1.ResetOnSync-MasterTimer=HRTIM_SYNCRESET_DISABLED
HRTIM1.ResetOnSync-Output_TA1TA2=HRTIM_SYNCRESET_DISABLED
HRTIM1.ResetOnSync-Output_TD1TD2=HRTIM_SYNCRESET_DISABLED
HRTIM1.ResetOutput1_Source1-Output_TD1TD2=HRTIM_OUTPUTRESET_NONE
HRTIM1.ResetTrigger1-Output_TA1TA2=HRTIM_TIMRESETTRIGGER_MASTER_PER
HRTIM1.ResetTrigger1-Output_TC1TC2=HRTIM_TIMRESETTRIGGER_MASTER_PER
HRTIM1.ResetTrigger1-Output_TD1TD2=HRTIM_TIMRESETTRIGGER_MASTER_PER
HRTIM1.ResetUpdate-Output_TA1TA2=HRTIM_TIMUPDATEONRESET_ENABLED
HRTIM1.ResetUpdate-Output_TC1TC2=HRTIM_TIMUPDATEONRESET_ENABLED
HRTIM1.ResetUpdate-Output_TD1TD2=HRTIM_TIMUPDATEONRESET_ENABLED
HRTIM1.RisingValue-Output_TA1TA2=DEAD_TIME
HRTIM1.RisingValue-Output_TC1TC2=DEAD_TIME
HRTIM1.RisingValue-Output_TD1TD2=DEAD_TIME
HRTIM1.SetOutput1_Source1-Output_TA1TA2=HRTIM_OUTPUTSET_TIMCMP1
HRTIM1.SetOutput1_Source1-Output_TC1TC2=HRTIM_OUTPUTSET_TIMCMP1
HRTIM1.SetOutput1_Source1-Output_TD1TD2=HRTIM_OUTPUTSET_TIMCMP1
HRTIM1.StartOnSync-MasterTimer=HRTIM_SYNCSTART_DISABLED
HRTIM1.StartOnSync-Output_TA1TA2=HRTIM_SYNCSTART_DISABLED
HRTIM1.StartOnSync-Output_TD1TD2=HRTIM_SYNCSTART_DISABLED
HRTIM1.SyncOptions=HRTIM_SYNCOPTION_NONE
HRTIM1.UpDownMode-Output_TA1TA2=HRTIM_TIMERUPDOWNMODE_UPDOWN
HRTIM1.UpDownMode-Output_TC1TC2=HRTIM_TIMERUPDOWNMODE_UPDOWN
HRTIM1.UpDownMode-Output_TD1TD2=HRTIM_TIMERUPDOWNMODE_UPDOWN
HRTIM1.rom_TA=HRTIM_TIM_ROM_VALLEY
HRTIM1.rom_TC=HRTIM_TIM_ROM_VALLEY
HRTIM1.rom_TD=HRTIM_TIM_ROM_VALLEY
KeepUserPlacement=false
Mcu.CPN=STM32G474CEU6
Mcu.Family=STM32G4
Mcu.IP0=ADC1
Mcu.IP1=ADC2
Mcu.IP10=RCC
Mcu.IP11=SPI1
Mcu.IP12=SPI3
Mcu.IP13=SYS
Mcu.IP14=TIM2
Mcu.IP15=TIM6
Mcu.IP16=TIM7
Mcu.IP17=TIM16
Mcu.IP18=TIM17
Mcu.IP2=ADC3
Mcu.IP3=ADC5
Mcu.IP4=DMA
Mcu.IP5=FDCAN1
Mcu.IP6=FMAC
Mcu.IP7=HRTIM1
Mcu.IP8=NVIC
Mcu.IP9=OPAMP4
Mcu.IPNb=19
Mcu.Name=STM32G474C(B-C-E)Ux
Mcu.Package=UFQFPN48
Mcu.Pin0=PC13
Mcu.Pin1=PF0-OSC_IN
Mcu.Pin10=PC4
Mcu.Pin11=PB0
Mcu.Pin12=PB1
Mcu.Pin13=PB2
Mcu.Pin14=PB10
Mcu.Pin15=PB11
Mcu.Pin16=PB12
Mcu.Pin17=PB13
Mcu.Pin18=PB14
Mcu.Pin19=PB15
Mcu.Pin2=PF1-OSC_OUT
Mcu.Pin20=PA8
Mcu.Pin21=PA9
Mcu.Pin22=PA11
Mcu.Pin23=PA12
Mcu.Pin24=PA13
Mcu.Pin25=PA14
Mcu.Pin26=PB3
Mcu.Pin27=PB4
Mcu.Pin28=PB5
Mcu.Pin29=PB6
Mcu.Pin3=PA0
Mcu.Pin30=PB7
Mcu.Pin31=PB9
Mcu.Pin32=VP_ADC1_Vref_Input
Mcu.Pin33=VP_ADC5_OPAMP_INTERNAL4
Mcu.Pin34=VP_ADC5_TempSens_Input
Mcu.Pin35=VP_ADC5_Vref_Input
Mcu.Pin36=VP_FMAC_VS_FMAC
Mcu.Pin37=VP_HRTIM1_VS_hrtimMasterTimerNoOutput
Mcu.Pin38=VP_SYS_VS_Systick
Mcu.Pin39=VP_SYS_VS_DBSignals
Mcu.Pin4=PA1
Mcu.Pin40=VP_TIM2_VS_ClockSourceINT
Mcu.Pin41=VP_TIM6_VS_ClockSourceINT
Mcu.Pin42=VP_TIM7_VS_ClockSourceINT
Mcu.Pin43=VP_TIM16_VS_ClockSourceINT
Mcu.Pin44=VP_TIM17_VS_ClockSourceINT
Mcu.Pin5=PA2
Mcu.Pin6=PA3
Mcu.Pin7=PA5
Mcu.Pin8=PA6
Mcu.Pin9=PA7
Mcu.PinsNb=45
Mcu.ThirdPartyNb=0
Mcu.UserConstants=DEAD_TIME,0;FULL_DUTY,13600;ENCODER_SCALER,17000;VELOCITY_CONTROL,34000
Mcu.UserName=STM32G474CEUx
MxCube.Version=6.15.0
MxDb.Version=DB.6.0.150
NVIC.ADC1_2_IRQn=true\:1\:0\:true\:false\:true\:true\:true\:true
NVIC.BusFault_IRQn=true\:0\:0\:false\:false\:true\:false\:false\:false
NVIC.DMA1_Channel1_IRQn=true\:0\:0\:false\:false\:true\:false\:true\:true
NVIC.DMA2_Channel2_IRQn=true\:3\:0\:true\:false\:true\:false\:true\:true
NVIC.DMA2_Channel3_IRQn=true\:3\:0\:true\:false\:true\:false\:true\:true
NVIC.DMA2_Channel4_IRQn=true\:3\:0\:true\:false\:true\:false\:true\:true
NVIC.DMA2_Channel5_IRQn=true\:3\:0\:true\:false\:true\:false\:true\:true
NVIC.DebugMonitor_IRQn=true\:0\:0\:false\:false\:true\:false\:false\:false
NVIC.FDCAN1_IT0_IRQn=true\:13\:0\:true\:false\:true\:true\:true\:true
NVIC.FDCAN1_IT1_IRQn=true\:13\:0\:true\:false\:true\:true\:true\:true
NVIC.ForceEnableDMAVector=true
NVIC.HRTIM1_Master_IRQn=true\:0\:0\:true\:false\:true\:true\:true\:true
NVIC.HardFault_IRQn=true\:0\:0\:false\:false\:true\:false\:false\:false
NVIC.MemoryManagement_IRQn=true\:0\:0\:false\:false\:true\:false\:false\:false
NVIC.NonMaskableInt_IRQn=true\:0\:0\:false\:false\:true\:false\:false\:false
NVIC.PendSV_IRQn=true\:0\:0\:false\:false\:true\:false\:false\:false
NVIC.PriorityGroup=NVIC_PRIORITYGROUP_4
NVIC.SVCall_IRQn=true\:0\:0\:false\:false\:true\:false\:false\:false
NVIC.SysTick_IRQn=true\:15\:0\:false\:false\:true\:false\:true\:false
NVIC.TIM1_TRG_COM_TIM17_IRQn=true\:9\:0\:true\:false\:true\:true\:true\:true
NVIC.TIM1_UP_TIM16_IRQn=true\:15\:0\:true\:false\:true\:true\:true\:true
NVIC.TIM6_DAC_IRQn=true\:7\:0\:true\:false\:true\:true\:true\:true
NVIC.TIM7_DAC_IRQn=true\:8\:0\:true\:false\:true\:true\:true\:true
NVIC.UsageFault_IRQn=true\:0\:0\:false\:false\:true\:false\:false\:false
PA0.GPIOParameters=GPIO_Label
PA0.GPIO_Label=PULSE
PA0.Locked=true
PA0.Signal=GPIO_Output
PA1.GPIOParameters=GPIO_Label
PA1.GPIO_Label=COMM_ERROR
PA1.Locked=true
PA1.Signal=GPIO_Output
PA11.Mode=FDCAN_Activate
PA11.Signal=FDCAN1_RX
PA12.Mode=FDCAN_Activate
PA12.Signal=FDCAN1_TX
PA13.Mode=Serial_Wire
PA13.Signal=SYS_JTMS-SWDIO
PA14.Mode=Serial_Wire
PA14.Signal=SYS_JTCK-SWCLK
PA2.GPIOParameters=GPIO_Label
PA2.GPIO_Label=DRV_ERROR
PA2.Locked=true
PA2.Signal=GPIO_Output
PA3.GPIOParameters=GPIO_Label
PA3.GPIO_Label=USER_LED
PA3.Locked=true
PA3.Signal=GPIO_Output
PA5.Locked=true
PA5.Mode=Full_Duplex_Master
PA5.Signal=SPI1_SCK
PA6.Locked=true
PA6.Mode=Full_Duplex_Master
PA6.Signal=SPI1_MISO
PA7.Locked=true
PA7.Mode=Full_Duplex_Master
PA7.Signal=SPI1_MOSI
PA8.Mode=Output_TA1TA2
PA8.Signal=HRTIM1_CHA1
PA9.Mode=Output_TA1TA2
PA9.Signal=HRTIM1_CHA2
PB0.Locked=true
PB0.Mode=IN15-Single-Ended
PB0.Signal=ADC1_IN15
PB1.Mode=IN1-Single-Ended
PB1.Signal=ADC3_IN1
PB10.Mode=standalone Internally connected_IO
PB10.Signal=OPAMP4_VINM0
PB11.Mode=standalone Internally connected_IO
PB11.Signal=OPAMP4_VINP
PB12.Mode=Output_TC1TC2
PB12.Signal=HRTIM1_CHC1
PB13.Mode=Output_TC1TC2
PB13.Signal=HRTIM1_CHC2
PB14.Mode=Output_TD1TD2
PB14.Signal=HRTIM1_CHD1
PB15.Mode=Output_TD1TD2
PB15.Signal=HRTIM1_CHD2
PB2.Locked=true
PB2.Mode=IN12-Single-Ended
PB2.Signal=ADC2_IN12
PB3.Locked=true
PB3.Mode=Full_Duplex_Master
PB3.Signal=SPI3_SCK
PB4.Locked=true
PB4.Mode=Full_Duplex_Master
PB4.Signal=SPI3_MISO
PB5.Locked=true
PB5.Mode=Full_Duplex_Master
PB5.Signal=SPI3_MOSI
PB6.GPIOParameters=GPIO_OutputLevel,GPIO_Label
PB6.GPIO_Label=MA732_CS
PB6.GPIO_OutputLevel=GPIO_PIN_SET
PB6.Locked=true
PB6.Signal=GPIO_Output
PB7.GPIOParameters=GPIO_Label
PB7.GPIO_Label=DRVOFF
PB7.Locked=true
PB7.Signal=GPIO_Output
PB9.GPIOParameters=GPIO_Label
PB9.GPIO_Label=nFault
PB9.Locked=true
PB9.Signal=GPIO_Input
PC13.GPIOParameters=GPIO_Label
PC13.GPIO_Label=Button
PC13.Locked=true
PC13.Signal=GPIO_Output
PC4.GPIOParameters=GPIO_Label
PC4.GPIO_Label=DRV8316_NSS
PC4.Locked=true
PC4.Signal=GPIO_Output
PF0-OSC_IN.Mode=HSE-External-Oscillator
PF0-OSC_IN.Signal=RCC_OSC_IN
PF1-OSC_OUT.Mode=HSE-External-Oscillator
PF1-OSC_OUT.Signal=RCC_OSC_OUT
PinOutPanel.RotationAngle=0
ProjectManager.AskForMigrate=true
ProjectManager.BackupPrevious=false
ProjectManager.CompilerLinker=GCC
ProjectManager.CompilerOptimize=6
ProjectManager.ComputerToolchain=false
ProjectManager.CoupleFile=true
ProjectManager.CustomerFirmwarePackage=
ProjectManager.DefaultFWLocation=true
ProjectManager.DeletePrevious=true
ProjectManager.DeviceId=STM32G474CEUx
ProjectManager.FirmwarePackage=STM32Cube FW_G4 V1.6.1
ProjectManager.FreePins=true
ProjectManager.FreePinsContext=
ProjectManager.HalAssertFull=false
ProjectManager.HeapSize=0x200
ProjectManager.KeepUserCode=true
ProjectManager.LastFirmware=true
ProjectManager.LibraryCopy=1
ProjectManager.MainLocation=Core/Src
ProjectManager.NoMain=false
ProjectManager.PreviousToolchain=
ProjectManager.ProjectBuild=false
ProjectManager.ProjectFileName=FOC_Driver.ioc
ProjectManager.ProjectName=FOC_Driver
ProjectManager.ProjectStructure=
ProjectManager.RegisterCallBack=ADC,TIM
ProjectManager.StackSize=0x400
ProjectManager.TargetToolchain=CMake
ProjectManager.ToolChainLocation=
ProjectManager.UAScriptAfterPath=
ProjectManager.UAScriptBeforePath=
ProjectManager.UnderRoot=false
ProjectManager.functionlistsort=1-SystemClock_Config-RCC-false-HAL-false,2-MX_GPIO_Init-GPIO-false-HAL-true,3-MX_DMA_Init-DMA-false-HAL-true,4-MX_SPI1_Init-SPI1-false-HAL-true,5-MX_SPI3_Init-SPI3-false-HAL-true,6-MX_ADC1_Init-ADC1-false-HAL-true,7-MX_ADC2_Init-ADC2-false-HAL-true,8-MX_ADC3_Init-ADC3-false-HAL-true,9-MX_HRTIM1_Init-HRTIM1-false-HAL-true,10-MX_TIM2_Init-TIM2-false-HAL-true,11-MX_FMAC_Init-FMAC-false-HAL-true,12-MX_TIM6_Init-TIM6-false-HAL-true,13-MX_FDCAN1_Init-FDCAN1-false-HAL-true,14-MX_ADC5_Init-ADC5-false-HAL-true,15-MX_OPAMP4_Init-OPAMP4-false-HAL-true,16-MX_TIM7_Init-TIM7-false-HAL-true,17-MX_TIM16_Init-TIM16-false-HAL-true,18-MX_TIM17_Init-TIM17-false-HAL-true
RCC.ADC12Freq_Value=170000000
RCC.ADC345Freq_Value=170000000
RCC.AHBFreq_Value=170000000
RCC.APB1Freq_Value=170000000
RCC.APB1TimFreq_Value=170000000
RCC.APB2Freq_Value=170000000
RCC.APB2TimFreq_Value=170000000
RCC.CRSFreq_Value=48000000
RCC.CortexFreq_Value=170000000
RCC.EXTERNAL_CLOCK_VALUE=12288000
RCC.FCLKCortexFreq_Value=170000000
RCC.FDCANFreq_Value=170000000
RCC.FamilyName=M
RCC.HCLKFreq_Value=170000000
RCC.HSE_VALUE=24000000
RCC.HSI48_VALUE=48000000
RCC.HSI_VALUE=16000000
RCC.I2C1Freq_Value=170000000
RCC.I2C2Freq_Value=170000000
RCC.I2C3Freq_Value=170000000
RCC.I2C4Freq_Value=170000000
RCC.I2SFreq_Value=170000000
RCC.IPParameters=ADC12Freq_Value,ADC345Freq_Value,AHBFreq_Value,APB1Freq_Value,APB1TimFreq_Value,APB2Freq_Value,APB2TimFreq_Value,CRSFreq_Value,CortexFreq_Value,EXTERNAL_CLOCK_VALUE,FCLKCortexFreq_Value,FDCANFreq_Value,FamilyName,HCLKFreq_Value,HSE_VALUE,HSI48_VALUE,HSI_VALUE,I2C1Freq_Value,I2C2Freq_Value,I2C3Freq_Value,I2C4Freq_Value,I2SFreq_Value,LPTIM1Freq_Value,LPUART1Freq_Value,LSCOPinFreq_Value,LSE_VALUE,LSI_VALUE,MCO1PinFreq_Value,PLLM,PLLN,PLLPoutputFreq_Value,PLLQoutputFreq_Value,PLLRCLKFreq_Value,PLLSourceVirtual,PWRFreq_Value,QSPIFreq_Value,RNGFreq_Value,SAI1Freq_Value,SYSCLKFreq_VALUE,SYSCLKSource,UART4Freq_Value,USART1Freq_Value,USART2Freq_Value,USART3Freq_Value,USBFreq_Value,VCOInputFreq_Value,VCOOutputFreq_Value
RCC.LPTIM1Freq_Value=170000000
RCC.LPUART1Freq_Value=170000000
RCC.LSCOPinFreq_Value=32000
RCC.LSE_VALUE=32768
RCC.LSI_VALUE=32000
RCC.MCO1PinFreq_Value=16000000
RCC.PLLM=RCC_PLLM_DIV6
RCC.PLLN=85
RCC.PLLPoutputFreq_Value=170000000
RCC.PLLQoutputFreq_Value=170000000
RCC.PLLRCLKFreq_Value=170000000
RCC.PLLSourceVirtual=RCC_PLLSOURCE_HSE
RCC.PWRFreq_Value=170000000
RCC.QSPIFreq_Value=170000000
RCC.RNGFreq_Value=170000000
RCC.SAI1Freq_Value=170000000
RCC.SYSCLKFreq_VALUE=170000000
RCC.SYSCLKSource=RCC_SYSCLKSOURCE_PLLCLK
RCC.UART4Freq_Value=170000000
RCC.USART1Freq_Value=170000000
RCC.USART2Freq_Value=170000000
RCC.USART3Freq_Value=170000000
RCC.USBFreq_Value=170000000
RCC.VCOInputFreq_Value=4000000
RCC.VCOOutputFreq_Value=340000000
SPI1.BaudRatePrescaler=SPI_BAUDRATEPRESCALER_32
SPI1.CLKPhase=SPI_PHASE_2EDGE
SPI1.CLKPolarity=SPI_POLARITY_LOW
SPI1.CalculateBaudRate=5.3125 MBits/s
SPI1.DataSize=SPI_DATASIZE_16BIT
SPI1.Direction=SPI_DIRECTION_2LINES
SPI1.IPParameters=BaudRatePrescaler,VirtualType,Mode,Direction,CalculateBaudRate,CLKPolarity,DataSize,CLKPhase
SPI1.Mode=SPI_MODE_MASTER
SPI1.VirtualType=VM_MASTER
SPI3.BaudRatePrescaler=SPI_BAUDRATEPRESCALER_32
SPI3.CLKPhase=SPI_PHASE_1EDGE
SPI3.CalculateBaudRate=5.3125 MBits/s
SPI3.DataSize=SPI_DATASIZE_16BIT
SPI3.Direction=SPI_DIRECTION_2LINES
SPI3.IPParameters=VirtualType,Mode,Direction,BaudRatePrescaler,CalculateBaudRate,DataSize,CLKPhase
SPI3.Mode=SPI_MODE_MASTER
SPI3.VirtualType=VM_MASTER
TIM16.IPParameters=Prescaler,PeriodNoDither
TIM16.PeriodNoDither=10000-1
TIM16.Prescaler=17000-1
TIM17.IPParameters=PeriodNoDither,Prescaler
TIM17.PeriodNoDither=1000-1
TIM17.Prescaler=170-1
TIM2.IPParameters=Prescaler
TIM2.Prescaler=0
TIM6.IPParameters=PeriodNoDither,Prescaler
TIM6.PeriodNoDither=ENCODER_SCALER-1
TIM6.Prescaler=0
TIM7.IPParameters=PeriodNoDither,Prescaler
TIM7.PeriodNoDither=VELOCITY_CONTROL-1
TIM7.Prescaler=0
VP_ADC1_Vref_Input.Mode=IN-Vrefint
VP_ADC1_Vref_Input.Signal=ADC1_Vref_Input
VP_ADC5_OPAMP_INTERNAL4.Mode=IN-OPAMP4
VP_ADC5_OPAMP_INTERNAL4.Signal=ADC5_OPAMP_INTERNAL4
VP_ADC5_TempSens_Input.Mode=IN-TempSens
VP_ADC5_TempSens_Input.Signal=ADC5_TempSens_Input
VP_ADC5_Vref_Input.Mode=IN-Vrefint
VP_ADC5_Vref_Input.Signal=ADC5_Vref_Input
VP_FMAC_VS_FMAC.Mode=FMAC_Activate
VP_FMAC_VS_FMAC.Signal=FMAC_VS_FMAC
VP_HRTIM1_VS_hrtimMasterTimerNoOutput.Mode=MasterTimer
VP_HRTIM1_VS_hrtimMasterTimerNoOutput.Signal=HRTIM1_VS_hrtimMasterTimerNoOutput
VP_SYS_VS_DBSignals.Mode=DisableDeadBatterySignals
VP_SYS_VS_DBSignals.Signal=SYS_VS_DBSignals
VP_SYS_VS_Systick.Mode=SysTick
VP_SYS_VS_Systick.Signal=SYS_VS_Systick
VP_TIM16_VS_ClockSourceINT.Mode=Enable_Timer
VP_TIM16_VS_ClockSourceINT.Signal=TIM16_VS_ClockSourceINT
VP_TIM17_VS_ClockSourceINT.Mode=Enable_Timer
VP_TIM17_VS_ClockSourceINT.Signal=TIM17_VS_ClockSourceINT
VP_TIM2_VS_ClockSourceINT.Mode=Internal
VP_TIM2_VS_ClockSourceINT.Signal=TIM2_VS_ClockSourceINT
VP_TIM6_VS_ClockSourceINT.Mode=Enable_Timer
VP_TIM6_VS_ClockSourceINT.Signal=TIM6_VS_ClockSourceINT
VP_TIM7_VS_ClockSourceINT.Mode=Enable_Timer
VP_TIM7_VS_ClockSourceINT.Signal=TIM7_VS_ClockSourceINT
board=custom
